// !$*UTF8*$!
{
	archiveVersion = 1;
	classes = {
	};
	objectVersion = 56;
	objects = {

/* Begin PBXBuildFile section */
		151256BA2EE97C7B002D1812 /* callback.swift in Sources */ = {isa = PBXBuildFile; fileRef = 151256B92EE97C7B002D1812 /* callback.swift */; };
		151257B42ED9F2B6007227AB /* AppDelegate.swift in Sources */ = {isa = PBXBuildFile; fileRef = 151257B32ED9F2B6007227AB /* AppDelegate.swift */; };
		151257B62ED9F2B6007227AB /* SceneDelegate.swift in Sources */ = {isa = PBXBuildFile; fileRef = 151257B52ED9F2B6007227AB /* SceneDelegate.swift */; };
		151257B82ED9F2B6007227AB /* HomeViewController.swift in Sources */ = {isa = PBXBuildFile; fileRef = 151257B72ED9F2B6007227AB /* HomeViewController.swift */; };
		151257BD2ED9F2B9007227AB /* Assets.xcassets in Resources */ = {isa = PBXBuildFile; fileRef = 151257BC2ED9F2B9007227AB /* Assets.xcassets */; };
		151257C02ED9F2B9007227AB /* LaunchScreen.storyboard in Resources */ = {isa = PBXBuildFile; fileRef = 151257BE2ED9F2B9007227AB /* LaunchScreen.storyboard */; };
		151257CF2EDA006C007227AB /* SignUpViewController.swift in Sources */ = {isa = PBXBuildFile; fileRef = 151257CE2EDA006C007227AB /* SignUpViewController.swift */; };
		151257D12EDA0083007227AB /* SignUpViewController.xib in Resources */ = {isa = PBXBuildFile; fileRef = 151257D02EDA0083007227AB /* SignUpViewController.xib */; };
		151257D32EDB42CA007227AB /* AppFlowController.swift in Sources */ = {isa = PBXBuildFile; fileRef = 151257D22EDB42CA007227AB /* AppFlowController.swift */; };
		151257D52EDB42F7007227AB /* AuthManager.swift in Sources */ = {isa = PBXBuildFile; fileRef = 151257D42EDB42F7007227AB /* AuthManager.swift */; };
		151257D92EDB4384007227AB /* Category.swift in Sources */ = {isa = PBXBuildFile; fileRef = 151257D82EDB4384007227AB /* Category.swift */; };
		1513BF322F0699C600D898B6 /* RecommendCollectionCell.swift in Sources */ = {isa = PBXBuildFile; fileRef = 1513BF312F0699C600D898B6 /* RecommendCollectionCell.swift */; };
		1513BF342F0699FD00D898B6 /* RecommendCollectionCell.xib in Resources */ = {isa = PBXBuildFile; fileRef = 1513BF332F0699FD00D898B6 /* RecommendCollectionCell.xib */; };
		151F7C592EDF52CE00BA3E45 /* LoginViewController.swift in Sources */ = {isa = PBXBuildFile; fileRef = 151F7C572EDF52CE00BA3E45 /* LoginViewController.swift */; };
		151F7C5A2EDF52CE00BA3E45 /* LoginViewController.xib in Resources */ = {isa = PBXBuildFile; fileRef = 151F7C582EDF52CE00BA3E45 /* LoginViewController.xib */; };
		151F7C682EE0701C00BA3E45 /* MButton.swift in Sources */ = {isa = PBXBuildFile; fileRef = 151F7C672EE0701C00BA3E45 /* MButton.swift */; };
		155271172EEF11BD00240C60 /* MCategories.swift in Sources */ = {isa = PBXBuildFile; fileRef = 155271162EEF11BD00240C60 /* MCategories.swift */; };
		155271192EEF11D500240C60 /* MCategories.xib in Resources */ = {isa = PBXBuildFile; fileRef = 155271182EEF11D500240C60 /* MCategories.xib */; };
		15567B302EFD6F41002408B1 /* BestSellerCollectionCell.swift in Sources */ = {isa = PBXBuildFile; fileRef = 15567B2F2EFD6F41002408B1 /* BestSellerCollectionCell.swift */; };
		15567B322EFD6F56002408B1 /* BestSellerCollectionCell.xib in Resources */ = {isa = PBXBuildFile; fileRef = 15567B312EFD6F56002408B1 /* BestSellerCollectionCell.xib */; };
		156B190C2EFB9EF500539B97 /* MTextField.swift in Sources */ = {isa = PBXBuildFile; fileRef = 156B190B2EFB9EF500539B97 /* MTextField.swift */; };
		156B190E2EFB9F0B00539B97 /* MTextField.xib in Resources */ = {isa = PBXBuildFile; fileRef = 156B190D2EFB9F0B00539B97 /* MTextField.xib */; };
		156B19142EFBDE3900539B97 /* LayoutConstants.swift in Sources */ = {isa = PBXBuildFile; fileRef = 156B19132EFBDE3900539B97 /* LayoutConstants.swift */; };
		1589DAEB2EE2DEF700A04BBB /* MChecked.swift in Sources */ = {isa = PBXBuildFile; fileRef = 1589DAEA2EE2DEF700A04BBB /* MChecked.swift */; };
		1589DAED2EE2DF1800A04BBB /* MChecked.xib in Resources */ = {isa = PBXBuildFile; fileRef = 1589DAEC2EE2DF1800A04BBB /* MChecked.xib */; };
		159DA7AB2EFBE74D00B39402 /* HomeViewModel.swift in Sources */ = {isa = PBXBuildFile; fileRef = 159DA7AA2EFBE74D00B39402 /* HomeViewModel.swift */; };
		159DA7AD2EFC40F200B39402 /* HomeViewController.xib in Resources */ = {isa = PBXBuildFile; fileRef = 159DA7AC2EFC40F200B39402 /* HomeViewController.xib */; };
		159DA7B32EFC52B200B39402 /* MButtonConfig.swift in Sources */ = {isa = PBXBuildFile; fileRef = 159DA7B22EFC52B200B39402 /* MButtonConfig.swift */; };
		159DA7B52EFC52C700B39402 /* MButtonConfig.xib in Resources */ = {isa = PBXBuildFile; fileRef = 159DA7B42EFC52C700B39402 /* MButtonConfig.xib */; };
		159E8FB62EE175110061AAB3 /* MButton.xib in Resources */ = {isa = PBXBuildFile; fileRef = 159E8FB52EE175100061AAB3 /* MButton.xib */; };
		15BC490D2EED732E00E200EE /* CategoriesCollectionCell.swift in Sources */ = {isa = PBXBuildFile; fileRef = 15BC490C2EED732E00E200EE /* CategoriesCollectionCell.swift */; };
		15BC490F2EED737200E200EE /* CategoriesCollectionCell.xib in Resources */ = {isa = PBXBuildFile; fileRef = 15BC490E2EED737200E200EE /* CategoriesCollectionCell.xib */; };
/* End PBXBuildFile section */

/* Begin PBXFileReference section */
		151256B92EE97C7B002D1812 /* callback.swift */ = {isa = PBXFileReference; fileEncoding = 4; lastKnownFileType = sourcecode.swift; name = callback.swift; path = ../../../../../Downloads/callback.swift; sourceTree = "<group>"; };
		151257B02ED9F2B6007227AB /* smart-ranking-badminton.app */ = {isa = PBXFileReference; explicitFileType = wrapper.application; includeInIndex = 0; path = "smart-ranking-badminton.app"; sourceTree = BUILT_PRODUCTS_DIR; };
		151257B32ED9F2B6007227AB /* AppDelegate.swift */ = {isa = PBXFileReference; lastKnownFileType = sourcecode.swift; path = AppDelegate.swift; sourceTree = "<group>"; };
		151257B52ED9F2B6007227AB /* SceneDelegate.swift */ = {isa = PBXFileReference; lastKnownFileType = sourcecode.swift; path = SceneDelegate.swift; sourceTree = "<group>"; };
		151257B72ED9F2B6007227AB /* HomeViewController.swift */ = {isa = PBXFileReference; lastKnownFileType = sourcecode.swift; path = HomeViewController.swift; sourceTree = "<group>"; };
		151257BC2ED9F2B9007227AB /* Assets.xcassets */ = {isa = PBXFileReference; lastKnownFileType = folder.assetcatalog; path = Assets.xcassets; sourceTree = "<group>"; };
		151257BF2ED9F2B9007227AB /* Base */ = {isa = PBXFileReference; lastKnownFileType = file.storyboard; name = Base; path = Base.lproj/LaunchScreen.storyboard; sourceTree = "<group>"; };
		151257C12ED9F2B9007227AB /* Info.plist */ = {isa = PBXFileReference; lastKnownFileType = text.plist.xml; path = Info.plist; sourceTree = "<group>"; };
		151257CE2EDA006C007227AB /* SignUpViewController.swift */ = {isa = PBXFileReference; lastKnownFileType = sourcecode.swift; path = SignUpViewController.swift; sourceTree = "<group>"; };
		151257D02EDA0083007227AB /* SignUpViewController.xib */ = {isa = PBXFileReference; lastKnownFileType = file.xib; path = SignUpViewController.xib; sourceTree = "<group>"; };
		151257D22EDB42CA007227AB /* AppFlowController.swift */ = {isa = PBXFileReference; lastKnownFileType = sourcecode.swift; path = AppFlowController.swift; sourceTree = "<group>"; };
		151257D42EDB42F7007227AB /* AuthManager.swift */ = {isa = PBXFileReference; lastKnownFileType = sourcecode.swift; path = AuthManager.swift; sourceTree = "<group>"; };
		151257D82EDB4384007227AB /* Category.swift */ = {isa = PBXFileReference; lastKnownFileType = sourcecode.swift; path = Category.swift; sourceTree = "<group>"; };
		1513BF312F0699C600D898B6 /* RecommendCollectionCell.swift */ = {isa = PBXFileReference; lastKnownFileType = sourcecode.swift; path = RecommendCollectionCell.swift; sourceTree = "<group>"; };
		1513BF332F0699FD00D898B6 /* RecommendCollectionCell.xib */ = {isa = PBXFileReference; lastKnownFileType = file.xib; path = RecommendCollectionCell.xib; sourceTree = "<group>"; };
		151F7C572EDF52CE00BA3E45 /* LoginViewController.swift */ = {isa = PBXFileReference; fileEncoding = 4; lastKnownFileType = sourcecode.swift; name = LoginViewController.swift; path = ../../../../../../../Downloads/LoginViewController.swift; sourceTree = "<group>"; };
		151F7C582EDF52CE00BA3E45 /* LoginViewController.xib */ = {isa = PBXFileReference; fileEncoding = 4; lastKnownFileType = file.xib; name = LoginViewController.xib; path = ../../../../../../../Downloads/LoginViewController.xib; sourceTree = "<group>"; };
		151F7C672EE0701C00BA3E45 /* MButton.swift */ = {isa = PBXFileReference; lastKnownFileType = sourcecode.swift; path = MButton.swift; sourceTree = "<group>"; };
		155271162EEF11BD00240C60 /* MCategories.swift */ = {isa = PBXFileReference; lastKnownFileType = sourcecode.swift; path = MCategories.swift; sourceTree = "<group>"; };
		155271182EEF11D500240C60 /* MCategories.xib */ = {isa = PBXFileReference; lastKnownFileType = file.xib; path = MCategories.xib; sourceTree = "<group>"; };
		15567B2F2EFD6F41002408B1 /* BestSellerCollectionCell.swift */ = {isa = PBXFileReference; lastKnownFileType = sourcecode.swift; path = BestSellerCollectionCell.swift; sourceTree = "<group>"; };
		15567B312EFD6F56002408B1 /* BestSellerCollectionCell.xib */ = {isa = PBXFileReference; lastKnownFileType = file.xib; path = BestSellerCollectionCell.xib; sourceTree = "<group>"; };
		156B190B2EFB9EF500539B97 /* MTextField.swift */ = {isa = PBXFileReference; lastKnownFileType = sourcecode.swift; path = MTextField.swift; sourceTree = "<group>"; };
		156B190D2EFB9F0B00539B97 /* MTextField.xib */ = {isa = PBXFileReference; lastKnownFileType = file.xib; path = MTextField.xib; sourceTree = "<group>"; };
		156B19132EFBDE3900539B97 /* LayoutConstants.swift */ = {isa = PBXFileReference; lastKnownFileType = sourcecode.swift; path = LayoutConstants.swift; sourceTree = "<group>"; };
		1589DAEA2EE2DEF700A04BBB /* MChecked.swift */ = {isa = PBXFileReference; lastKnownFileType = sourcecode.swift; path = MChecked.swift; sourceTree = "<group>"; };
		1589DAEC2EE2DF1800A04BBB /* MChecked.xib */ = {isa = PBXFileReference; lastKnownFileType = file.xib; path = MChecked.xib; sourceTree = "<group>"; };
		159DA7AA2EFBE74D00B39402 /* HomeViewModel.swift */ = {isa = PBXFileReference; lastKnownFileType = sourcecode.swift; path = HomeViewModel.swift; sourceTree = "<group>"; };
		159DA7AC2EFC40F200B39402 /* HomeViewController.xib */ = {isa = PBXFileReference; lastKnownFileType = file.xib; path = HomeViewController.xib; sourceTree = "<group>"; };
		159DA7B22EFC52B200B39402 /* MButtonConfig.swift */ = {isa = PBXFileReference; lastKnownFileType = sourcecode.swift; path = MButtonConfig.swift; sourceTree = "<group>"; };
		159DA7B42EFC52C700B39402 /* MButtonConfig.xib */ = {isa = PBXFileReference; lastKnownFileType = file.xib; path = MButtonConfig.xib; sourceTree = "<group>"; };
		159E8FB52EE175100061AAB3 /* MButton.xib */ = {isa = PBXFileReference; lastKnownFileType = file.xib; path = MButton.xib; sourceTree = "<group>"; };
		15BC490C2EED732E00E200EE /* CategoriesCollectionCell.swift */ = {isa = PBXFileReference; lastKnownFileType = sourcecode.swift; path = CategoriesCollectionCell.swift; sourceTree = "<group>"; };
		15BC490E2EED737200E200EE /* CategoriesCollectionCell.xib */ = {isa = PBXFileReference; lastKnownFileType = file.xib; path = CategoriesCollectionCell.xib; sourceTree = "<group>"; };
/* End PBXFileReference section */

/* Begin PBXFrameworksBuildPhase section */
		151257AD2ED9F2B6007227AB /* Frameworks */ = {
			isa = PBXFrameworksBuildPhase;
			buildActionMask = 2147483647;
			files = (
			);
			runOnlyForDeploymentPostprocessing = 0;
		};
/* End PBXFrameworksBuildPhase section */

/* Begin PBXGroup section */
		151257A72ED9F2B6007227AB = {
			isa = PBXGroup;
			children = (
				151257B22ED9F2B6007227AB /* smart-ranking-badminton */,
				151257B12ED9F2B6007227AB /* Products */,
			);
			sourceTree = "<group>";
		};
		151257B12ED9F2B6007227AB /* Products */ = {
			isa = PBXGroup;
			children = (
				151257B02ED9F2B6007227AB /* smart-ranking-badminton.app */,
			);
			name = Products;
			sourceTree = "<group>";
		};
		151257B22ED9F2B6007227AB /* smart-ranking-badminton */ = {
			isa = PBXGroup;
			children = (
				156B19112EFBDD1700539B97 /* Utilities */,
				156B19102EFBC1CF00539B97 /* ViewModels */,
				156B190F2EFBC1B000539B97 /* Models */,
				151F7C642EE06FDB00BA3E45 /* ReusableView */,
				151257C92ED9FA2E007227AB /* Views */,
				151257B32ED9F2B6007227AB /* AppDelegate.swift */,
				151257B52ED9F2B6007227AB /* SceneDelegate.swift */,
				151257BC2ED9F2B9007227AB /* Assets.xcassets */,
				151257BE2ED9F2B9007227AB /* LaunchScreen.storyboard */,
				151257C12ED9F2B9007227AB /* Info.plist */,
				151257D22EDB42CA007227AB /* AppFlowController.swift */,
				151257D42EDB42F7007227AB /* AuthManager.swift */,
				151256B92EE97C7B002D1812 /* callback.swift */,
			);
			path = "smart-ranking-badminton";
			sourceTree = "<group>";
		};
		151257C72ED9FA17007227AB /* Login */ = {
			isa = PBXGroup;
			children = (
				151F7C572EDF52CE00BA3E45 /* LoginViewController.swift */,
				151F7C582EDF52CE00BA3E45 /* LoginViewController.xib */,
			);
			path = Login;
			sourceTree = "<group>";
		};
		151257C82ED9FA21007227AB /* SignUp */ = {
			isa = PBXGroup;
			children = (
				151257CE2EDA006C007227AB /* SignUpViewController.swift */,
				151257D02EDA0083007227AB /* SignUpViewController.xib */,
			);
			path = SignUp;
			sourceTree = "<group>";
		};
		151257C92ED9FA2E007227AB /* Views */ = {
			isa = PBXGroup;
			children = (
				15567B2E2EFD6F23002408B1 /* CollectionView */,
				151257DC2EDB44BA007227AB /* Main */,
				151257C72ED9FA17007227AB /* Login */,
				151257C82ED9FA21007227AB /* SignUp */,
			);
			path = Views;
			sourceTree = "<group>";
		};
		151257DC2EDB44BA007227AB /* Main */ = {
			isa = PBXGroup;
			children = (
				151257B72ED9F2B6007227AB /* HomeViewController.swift */,
				159DA7AC2EFC40F200B39402 /* HomeViewController.xib */,
			);
			path = Main;
			sourceTree = "<group>";
		};
		151F7C642EE06FDB00BA3E45 /* ReusableView */ = {
			isa = PBXGroup;
			children = (
				151F7C672EE0701C00BA3E45 /* MButton.swift */,
				159E8FB52EE175100061AAB3 /* MButton.xib */,
				1589DAEA2EE2DEF700A04BBB /* MChecked.swift */,
				1589DAEC2EE2DF1800A04BBB /* MChecked.xib */,
				155271162EEF11BD00240C60 /* MCategories.swift */,
				155271182EEF11D500240C60 /* MCategories.xib */,
				156B190B2EFB9EF500539B97 /* MTextField.swift */,
				156B190D2EFB9F0B00539B97 /* MTextField.xib */,
				159DA7B22EFC52B200B39402 /* MButtonConfig.swift */,
				159DA7B42EFC52C700B39402 /* MButtonConfig.xib */,
			);
			path = ReusableView;
			sourceTree = "<group>";
		};
		15567B2E2EFD6F23002408B1 /* CollectionView */ = {
			isa = PBXGroup;
			children = (
				1513BF312F0699C600D898B6 /* RecommendCollectionCell.swift */,
				1513BF332F0699FD00D898B6 /* RecommendCollectionCell.xib */,
				15567B2F2EFD6F41002408B1 /* BestSellerCollectionCell.swift */,
				15567B312EFD6F56002408B1 /* BestSellerCollectionCell.xib */,
				15BC490C2EED732E00E200EE /* CategoriesCollectionCell.swift */,
				15BC490E2EED737200E200EE /* CategoriesCollectionCell.xib */,
			);
			path = CollectionView;
			sourceTree = "<group>";
		};
		156B190F2EFBC1B000539B97 /* Models */ = {
			isa = PBXGroup;
			children = (
				151257D82EDB4384007227AB /* Category.swift */,
			);
			path = Models;
			sourceTree = "<group>";
		};
		156B19102EFBC1CF00539B97 /* ViewModels */ = {
			isa = PBXGroup;
			children = (
				159DA7AA2EFBE74D00B39402 /* HomeViewModel.swift */,
			);
			path = ViewModels;
			sourceTree = "<group>";
		};
		156B19112EFBDD1700539B97 /* Utilities */ = {
			isa = PBXGroup;
			children = (
				156B19122EFBDE0200539B97 /* Constants */,
			);
			path = Utilities;
			sourceTree = "<group>";
		};
		156B19122EFBDE0200539B97 /* Constants */ = {
			isa = PBXGroup;
			children = (
				156B19132EFBDE3900539B97 /* LayoutConstants.swift */,
			);
			path = Constants;
			sourceTree = "<group>";
		};
/* End PBXGroup section */

/* Begin PBXNativeTarget section */
		151257AF2ED9F2B6007227AB /* smart-ranking-badminton */ = {
			isa = PBXNativeTarget;
			buildConfigurationList = 151257C42ED9F2B9007227AB /* Build configuration list for PBXNativeTarget "smart-ranking-badminton" */;
			buildPhases = (
				151257AC2ED9F2B6007227AB /* Sources */,
				151257AD2ED9F2B6007227AB /* Frameworks */,
				151257AE2ED9F2B6007227AB /* Resources */,
			);
			buildRules = (
			);
			dependencies = (
			);
			name = "smart-ranking-badminton";
			productName = "smart-ranking-badminton";
			productReference = 151257B02ED9F2B6007227AB /* smart-ranking-badminton.app */;
			productType = "com.apple.product-type.application";
		};
/* End PBXNativeTarget section */

/* Begin PBXProject section */
		151257A82ED9F2B6007227AB /* Project object */ = {
			isa = PBXProject;
			attributes = {
				BuildIndependentTargetsInParallel = 1;
				LastSwiftUpdateCheck = 1520;
				LastUpgradeCheck = 1520;
				TargetAttributes = {
					151257AF2ED9F2B6007227AB = {
						CreatedOnToolsVersion = 15.2;
					};
				};
			};
			buildConfigurationList = 151257AB2ED9F2B6007227AB /* Build configuration list for PBXProject "smart-ranking-badminton" */;
			compatibilityVersion = "Xcode 14.0";
			developmentRegion = en;
			hasScannedForEncodings = 0;
			knownRegions = (
				en,
				Base,
			);
			mainGroup = 151257A72ED9F2B6007227AB;
			productRefGroup = 151257B12ED9F2B6007227AB /* Products */;
			projectDirPath = "";
			projectRoot = "";
			targets = (
				151257AF2ED9F2B6007227AB /* smart-ranking-badminton */,
			);
		};
/* End PBXProject section */

/* Begin PBXResourcesBuildPhase section */
		151257AE2ED9F2B6007227AB /* Resources */ = {
			isa = PBXResourcesBuildPhase;
			buildActionMask = 2147483647;
			files = (
				15BC490F2EED737200E200EE /* CategoriesCollectionCell.xib in Resources */,
				1513BF342F0699FD00D898B6 /* RecommendCollectionCell.xib in Resources */,
				151257C02ED9F2B9007227AB /* LaunchScreen.storyboard in Resources */,
				159DA7B52EFC52C700B39402 /* MButtonConfig.xib in Resources */,
				1589DAED2EE2DF1800A04BBB /* MChecked.xib in Resources */,
				151257D12EDA0083007227AB /* SignUpViewController.xib in Resources */,
				151257BD2ED9F2B9007227AB /* Assets.xcassets in Resources */,
				15567B322EFD6F56002408B1 /* BestSellerCollectionCell.xib in Resources */,
				151F7C5A2EDF52CE00BA3E45 /* LoginViewController.xib in Resources */,
				159E8FB62EE175110061AAB3 /* MButton.xib in Resources */,
				155271192EEF11D500240C60 /* MCategories.xib in Resources */,
				156B190E2EFB9F0B00539B97 /* MTextField.xib in Resources */,
				159DA7AD2EFC40F200B39402 /* HomeViewController.xib in Resources */,
			);
			runOnlyForDeploymentPostprocessing = 0;
		};
/* End PBXResourcesBuildPhase section */

/* Begin PBXSourcesBuildPhase section */
		151257AC2ED9F2B6007227AB /* Sources */ = {
			isa = PBXSourcesBuildPhase;
			buildActionMask = 2147483647;
			files = (
				15567B302EFD6F41002408B1 /* BestSellerCollectionCell.swift in Sources */,
				159DA7AB2EFBE74D00B39402 /* HomeViewModel.swift in Sources */,
				1513BF322F0699C600D898B6 /* RecommendCollectionCell.swift in Sources */,
				151F7C592EDF52CE00BA3E45 /* LoginViewController.swift in Sources */,
				156B190C2EFB9EF500539B97 /* MTextField.swift in Sources */,
				1589DAEB2EE2DEF700A04BBB /* MChecked.swift in Sources */,
				151257D52EDB42F7007227AB /* AuthManager.swift in Sources */,
				151257B82ED9F2B6007227AB /* HomeViewController.swift in Sources */,
				151257B42ED9F2B6007227AB /* AppDelegate.swift in Sources */,
				151257D32EDB42CA007227AB /* AppFlowController.swift in Sources */,
				151257D92EDB4384007227AB /* Category.swift in Sources */,
				151F7C682EE0701C00BA3E45 /* MButton.swift in Sources */,
				151256BA2EE97C7B002D1812 /* callback.swift in Sources */,
				156B19142EFBDE3900539B97 /* LayoutConstants.swift in Sources */,
				159DA7B32EFC52B200B39402 /* MButtonConfig.swift in Sources */,
				151257B62ED9F2B6007227AB /* SceneDelegate.swift in Sources */,
				155271172EEF11BD00240C60 /* MCategories.swift in Sources */,
				151257CF2EDA006C007227AB /* SignUpViewController.swift in Sources */,
				15BC490D2EED732E00E200EE /* CategoriesCollectionCell.swift in Sources */,
			);
			runOnlyForDeploymentPostprocessing = 0;
		};
/* End PBXSourcesBuildPhase section */

/* Begin PBXVariantGroup section */
		151257BE2ED9F2B9007227AB /* LaunchScreen.storyboard */ = {
			isa = PBXVariantGroup;
			children = (
				151257BF2ED9F2B9007227AB /* Base */,
			);
			name = LaunchScreen.storyboard;
			sourceTree = "<group>";
		};
/* End PBXVariantGroup section */

/* Begin XCBuildConfiguration section */
		151257C22ED9F2B9007227AB /* Debug */ = {
			isa = XCBuildConfiguration;
			buildSettings = {
				ALWAYS_SEARCH_USER_PATHS = NO;
				ASSETCATALOG_COMPILER_GENERATE_SWIFT_ASSET_SYMBOL_EXTENSIONS = YES;
				CLANG_ANALYZER_NONNULL = YES;
				CLANG_ANALYZER_NUMBER_OBJECT_CONVERSION = YES_AGGRESSIVE;
				CLANG_CXX_LANGUAGE_STANDARD = "gnu++20";
				CLANG_ENABLE_MODULES = YES;
				CLANG_ENABLE_OBJC_ARC = YES;
				CLANG_ENABLE_OBJC_WEAK = YES;
				CLANG_WARN_BLOCK_CAPTURE_AUTORELEASING = YES;
				CLANG_WARN_BOOL_CONVERSION = YES;
				CLANG_WARN_COMMA = YES;
				CLANG_WARN_CONSTANT_CONVERSION = YES;
				CLANG_WARN_DEPRECATED_OBJC_IMPLEMENTATIONS = YES;
				CLANG_WARN_DIRECT_OBJC_ISA_USAGE = YES_ERROR;
				CLANG_WARN_DOCUMENTATION_COMMENTS = YES;
				CLANG_WARN_EMPTY_BODY = YES;
				CLANG_WARN_ENUM_CONVERSION = YES;
				CLANG_WARN_INFINITE_RECURSION = YES;
				CLANG_WARN_INT_CONVERSION = YES;
				CLANG_WARN_NON_LITERAL_NULL_CONVERSION = YES;
				CLANG_WARN_OBJC_IMPLICIT_RETAIN_SELF = YES;
				CLANG_WARN_OBJC_LITERAL_CONVERSION = YES;
				CLANG_WARN_OBJC_ROOT_CLASS = YES_ERROR;
				CLANG_WARN_QUOTED_INCLUDE_IN_FRAMEWORK_HEADER = YES;
				CLANG_WARN_RANGE_LOOP_ANALYSIS = YES;
				CLANG_WARN_STRICT_PROTOTYPES = YES;
				CLANG_WARN_SUSPICIOUS_MOVE = YES;
				CLANG_WARN_UNGUARDED_AVAILABILITY = YES_AGGRESSIVE;
				CLANG_WARN_UNREACHABLE_CODE = YES;
				CLANG_WARN__DUPLICATE_METHOD_MATCH = YES;
				COPY_PHASE_STRIP = NO;
				DEBUG_INFORMATION_FORMAT = dwarf;
				ENABLE_STRICT_OBJC_MSGSEND = YES;
				ENABLE_TESTABILITY = YES;
				ENABLE_USER_SCRIPT_SANDBOXING = YES;
				GCC_C_LANGUAGE_STANDARD = gnu17;
				GCC_DYNAMIC_NO_PIC = NO;
				GCC_NO_COMMON_BLOCKS = YES;
				GCC_OPTIMIZATION_LEVEL = 0;
				GCC_PREPROCESSOR_DEFINITIONS = (
					"DEBUG=1",
					"$(inherited)",
				);
				GCC_WARN_64_TO_32_BIT_CONVERSION = YES;
				GCC_WARN_ABOUT_RETURN_TYPE = YES_ERROR;
				GCC_WARN_UNDECLARED_SELECTOR = YES;
				GCC_WARN_UNINITIALIZED_AUTOS = YES_AGGRESSIVE;
				GCC_WARN_UNUSED_FUNCTION = YES;
				GCC_WARN_UNUSED_VARIABLE = YES;
				IPHONEOS_DEPLOYMENT_TARGET = 17.2;
				LOCALIZATION_PREFERS_STRING_CATALOGS = YES;
				MTL_ENABLE_DEBUG_INFO = INCLUDE_SOURCE;
				MTL_FAST_MATH = YES;
				ONLY_ACTIVE_ARCH = YES;
				SDKROOT = iphoneos;
				SWIFT_ACTIVE_COMPILATION_CONDITIONS = "DEBUG $(inherited)";
				SWIFT_OPTIMIZATION_LEVEL = "-Onone";
			};
			name = Debug;
		};
		151257C32ED9F2B9007227AB /* Release */ = {
			isa = XCBuildConfiguration;
			buildSettings = {
				ALWAYS_SEARCH_USER_PATHS = NO;
				ASSETCATALOG_COMPILER_GENERATE_SWIFT_ASSET_SYMBOL_EXTENSIONS = YES;
				CLANG_ANALYZER_NONNULL = YES;
				CLANG_ANALYZER_NUMBER_OBJECT_CONVERSION = YES_AGGRESSIVE;
				CLANG_CXX_LANGUAGE_STANDARD = "gnu++20";
				CLANG_ENABLE_MODULES = YES;
				CLANG_ENABLE_OBJC_ARC = YES;
				CLANG_ENABLE_OBJC_WEAK = YES;
				CLANG_WARN_BLOCK_CAPTURE_AUTORELEASING = YES;
				CLANG_WARN_BOOL_CONVERSION = YES;
				CLANG_WARN_COMMA = YES;
				CLANG_WARN_CONSTANT_CONVERSION = YES;
				CLANG_WARN_DEPRECATED_OBJC_IMPLEMENTATIONS = YES;
				CLANG_WARN_DIRECT_OBJC_ISA_USAGE = YES_ERROR;
				CLANG_WARN_DOCUMENTATION_COMMENTS = YES;
				CLANG_WARN_EMPTY_BODY = YES;
				CLANG_WARN_ENUM_CONVERSION = YES;
				CLANG_WARN_INFINITE_RECURSION = YES;
				CLANG_WARN_INT_CONVERSION = YES;
				CLANG_WARN_NON_LITERAL_NULL_CONVERSION = YES;
				CLANG_WARN_OBJC_IMPLICIT_RETAIN_SELF = YES;
				CLANG_WARN_OBJC_LITERAL_CONVERSION = YES;
				CLANG_WARN_OBJC_ROOT_CLASS = YES_ERROR;
				CLANG_WARN_QUOTED_INCLUDE_IN_FRAMEWORK_HEADER = YES;
				CLANG_WARN_RANGE_LOOP_ANALYSIS = YES;
				CLANG_WARN_STRICT_PROTOTYPES = YES;
				CLANG_WARN_SUSPICIOUS_MOVE = YES;
				CLANG_WARN_UNGUARDED_AVAILABILITY = YES_AGGRESSIVE;
				CLANG_WARN_UNREACHABLE_CODE = YES;
				CLANG_WARN__DUPLICATE_METHOD_MATCH = YES;
				COPY_PHASE_STRIP = NO;
				DEBUG_INFORMATION_FORMAT = "dwarf-with-dsym";
				ENABLE_NS_ASSERTIONS = NO;
				ENABLE_STRICT_OBJC_MSGSEND = YES;
				ENABLE_USER_SCRIPT_SANDBOXING = YES;
				GCC_C_LANGUAGE_STANDARD = gnu17;
				GCC_NO_COMMON_BLOCKS = YES;
				GCC_WARN_64_TO_32_BIT_CONVERSION = YES;
				GCC_WARN_ABOUT_RETURN_TYPE = YES_ERROR;
				GCC_WARN_UNDECLARED_SELECTOR = YES;
				GCC_WARN_UNINITIALIZED_AUTOS = YES_AGGRESSIVE;
				GCC_WARN_UNUSED_FUNCTION = YES;
				GCC_WARN_UNUSED_VARIABLE = YES;
				IPHONEOS_DEPLOYMENT_TARGET = 17.2;
				LOCALIZATION_PREFERS_STRING_CATALOGS = YES;
				MTL_ENABLE_DEBUG_INFO = NO;
				MTL_FAST_MATH = YES;
				SDKROOT = iphoneos;
				SWIFT_COMPILATION_MODE = wholemodule;
				VALIDATE_PRODUCT = YES;
			};
			name = Release;
		};
		151257C52ED9F2B9007227AB /* Debug */ = {
			isa = XCBuildConfiguration;
			buildSettings = {
				ASSETCATALOG_COMPILER_APPICON_NAME = AppIcon;
				ASSETCATALOG_COMPILER_GLOBAL_ACCENT_COLOR_NAME = AccentColor;
				CODE_SIGN_STYLE = Automatic;
				CURRENT_PROJECT_VERSION = 1;
				GENERATE_INFOPLIST_FILE = YES;
				INFOPLIST_FILE = "smart-ranking-badminton/Info.plist";
				INFOPLIST_KEY_UIApplicationSupportsIndirectInputEvents = YES;
				INFOPLIST_KEY_UILaunchStoryboardName = LaunchScreen;
				INFOPLIST_KEY_UISupportedInterfaceOrientations = "UIInterfaceOrientationLandscapeLeft UIInterfaceOrientationLandscapeRight UIInterfaceOrientationPortrait";
				INFOPLIST_KEY_UISupportedInterfaceOrientations_iPad = "UIInterfaceOrientationPortrait UIInterfaceOrientationPortraitUpsideDown";
				LD_RUNPATH_SEARCH_PATHS = (
					"$(inherited)",
					"@executable_path/Frameworks",
				);
				MARKETING_VERSION = 1.0;
				PRODUCT_BUNDLE_IDENTIFIER = "DinhXuanTung.smart-ranking-badminton";
				PRODUCT_NAME = "$(TARGET_NAME)";
				SUPPORTED_PLATFORMS = "iphoneos iphonesimulator";
				SUPPORTS_MACCATALYST = NO;
				SUPPORTS_MAC_DESIGNED_FOR_IPHONE_IPAD = NO;
				SWIFT_EMIT_LOC_STRINGS = YES;
				SWIFT_VERSION = 5.0;
				TARGETED_DEVICE_FAMILY = 1;
			};
			name = Debug;
		};
		151257C62ED9F2B9007227AB /* Release */ = {
			isa = XCBuildConfiguration;
			buildSettings = {
				ASSETCATALOG_COMPILER_APPICON_NAME = AppIcon;
				ASSETCATALOG_COMPILER_GLOBAL_ACCENT_COLOR_NAME = AccentColor;
				CODE_SIGN_STYLE = Automatic;
				CURRENT_PROJECT_VERSION = 1;
				GENERATE_INFOPLIST_FILE = YES;
				INFOPLIST_FILE = "smart-ranking-badminton/Info.plist";
				INFOPLIST_KEY_UIApplicationSupportsIndirectInputEvents = YES;
				INFOPLIST_KEY_UILaunchStoryboardName = LaunchScreen;
				INFOPLIST_KEY_UISupportedInterfaceOrientations = "UIInterfaceOrientationLandscapeLeft UIInterfaceOrientationLandscapeRight UIInterfaceOrientationPortrait";
				INFOPLIST_KEY_UISupportedInterfaceOrientations_iPad = "UIInterfaceOrientationPortrait UIInterfaceOrientationPortraitUpsideDown";
				LD_RUNPATH_SEARCH_PATHS = (
					"$(inherited)",
					"@executable_path/Frameworks",
				);
				MARKETING_VERSION = 1.0;
				PRODUCT_BUNDLE_IDENTIFIER = "DinhXuanTung.smart-ranking-badminton";
				PRODUCT_NAME = "$(TARGET_NAME)";
				SUPPORTED_PLATFORMS = "iphoneos iphonesimulator";
				SUPPORTS_MACCATALYST = NO;
				SUPPORTS_MAC_DESIGNED_FOR_IPHONE_IPAD = NO;
				SWIFT_EMIT_LOC_STRINGS = YES;
				SWIFT_VERSION = 5.0;
				TARGETED_DEVICE_FAMILY = 1;
			};
			name = Release;
		};
/* End XCBuildConfiguration section */

/* Begin XCConfigurationList section */
		151257AB2ED9F2B6007227AB /* Build configuration list for PBXProject "smart-ranking-badminton" */ = {
			isa = XCConfigurationList;
			buildConfigurations = (
				151257C22ED9F2B9007227AB /* Debug */,
				151257C32ED9F2B9007227AB /* Release */,
			);
			defaultConfigurationIsVisible = 0;
			defaultConfigurationName = Release;
		};
		151257C42ED9F2B9007227AB /* Build configuration list for PBXNativeTarget "smart-ranking-badminton" */ = {
			isa = XCConfigurationList;
			buildConfigurations = (
				151257C52ED9F2B9007227AB /* Debug */,
				151257C62ED9F2B9007227AB /* Release */,
			);
			defaultConfigurationIsVisible = 0;
			defaultConfigurationName = Release;
		};
/* End XCConfigurationList section */
	};
	rootObject = 151257A82ED9F2B6007227AB /* Project object */;
}
